// !$*UTF8*$!
{
	archiveVersion = 1;
	classes = {
	};
	objectVersion = 42;
	objects = {

/* Begin PBXBuildFile section */
		0312CBFB11554E6B00ACEC3E /* Point.cpp in Sources */ = {isa = PBXBuildFile; fileRef = 0312CBFA11554E6B00ACEC3E /* Point.cpp */; };
		0312CC6A115553C900ACEC3E /* Piece.cpp in Sources */ = {isa = PBXBuildFile; fileRef = 0312CC69115553C900ACEC3E /* Piece.cpp */; };
		0312CD501155AB1600ACEC3E /* TetrisGrid.cpp in Sources */ = {isa = PBXBuildFile; fileRef = 0312CD4F1155AB1600ACEC3E /* TetrisGrid.cpp */; };
		0312CDD41155B4C900ACEC3E /* TetrisGame.cpp in Sources */ = {isa = PBXBuildFile; fileRef = 0312CDD31155B4C900ACEC3E /* TetrisGame.cpp */; };
		0312CECD1156B26300ACEC3E /* block.png in Resources */ = {isa = PBXBuildFile; fileRef = 0312CECC1156B26300ACEC3E /* block.png */; };
		0312D08A1157216E00ACEC3E /* grid.png in Resources */ = {isa = PBXBuildFile; fileRef = 0312D0891157216E00ACEC3E /* grid.png */; };
		0312D313115821AB00ACEC3E /* Arial.ttf in Resources */ = {isa = PBXBuildFile; fileRef = 0312D312115821AB00ACEC3E /* Arial.ttf */; };
		0312D3611159AFDA00ACEC3E /* TetrisScore.cpp in Sources */ = {isa = PBXBuildFile; fileRef = 0312D3601159AFDA00ACEC3E /* TetrisScore.cpp */; };
		0312D3D9115AB36C00ACEC3E /* TetrisBlock.cpp in Sources */ = {isa = PBXBuildFile; fileRef = 0312D3D8115AB36C00ACEC3E /* TetrisBlock.cpp */; };
		0312D40C115BF42300ACEC3E /* cyan.png in Resources */ = {isa = PBXBuildFile; fileRef = 0312D409115BF42300ACEC3E /* cyan.png */; };
		0312D40D115BF42300ACEC3E /* green.png in Resources */ = {isa = PBXBuildFile; fileRef = 0312D40A115BF42300ACEC3E /* green.png */; };
		0312D40E115BF42300ACEC3E /* red.png in Resources */ = {isa = PBXBuildFile; fileRef = 0312D40B115BF42300ACEC3E /* red.png */; };
		0312D410115BF42E00ACEC3E /* yellow.png in Resources */ = {isa = PBXBuildFile; fileRef = 0312D40F115BF42E00ACEC3E /* yellow.png */; };
		038AA5A6115C3F7A00B8893C /* gridImage.png in Resources */ = {isa = PBXBuildFile; fileRef = 038AA5A5115C3F7A00B8893C /* gridImage.png */; };
		038AA5B3115C47FB00B8893C /* DisplayBlock.cpp in Sources */ = {isa = PBXBuildFile; fileRef = 038AA5B2115C47FB00B8893C /* DisplayBlock.cpp */; };
		A0072ADE0F1D0EC500B4A594 /* sfml-system.framework in Copy Frameworks */ = {isa = PBXBuildFile; fileRef = A01FB6CB0F07CFF2000AAC7B /* sfml-system.framework */; };
		A0072ADF0F1D0EC500B4A594 /* sfml-window.framework in Copy Frameworks */ = {isa = PBXBuildFile; fileRef = A01FB6CC0F07CFF2000AAC7B /* sfml-window.framework */; };
		A0072AE00F1D0EC500B4A594 /* sfml-graphics.framework in Copy Frameworks */ = {isa = PBXBuildFile; fileRef = A01FB6CA0F07CFF2000AAC7B /* sfml-graphics.framework */; };
		A01FB6C90F07CFCE000AAC7B /* main.cpp in Sources */ = {isa = PBXBuildFile; fileRef = A01FB6C80F07CFCE000AAC7B /* main.cpp */; };
		A01FB6CE0F07CFF2000AAC7B /* sfml-graphics.framework in Frameworks */ = {isa = PBXBuildFile; fileRef = A01FB6CA0F07CFF2000AAC7B /* sfml-graphics.framework */; };
		A01FB6CF0F07CFF2000AAC7B /* sfml-system.framework in Frameworks */ = {isa = PBXBuildFile; fileRef = A01FB6CB0F07CFF2000AAC7B /* sfml-system.framework */; };
		A01FB6D00F07CFF2000AAC7B /* sfml-window.framework in Frameworks */ = {isa = PBXBuildFile; fileRef = A01FB6CC0F07CFF2000AAC7B /* sfml-window.framework */; };
/* End PBXBuildFile section */

/* Begin PBXCopyFilesBuildPhase section */
		A0072AF00F1D0EDD00B4A594 /* Copy Frameworks */ = {
			isa = PBXCopyFilesBuildPhase;
			buildActionMask = 2147483647;
			dstPath = "";
			dstSubfolderSpec = 10;
			files = (
				A0072ADE0F1D0EC500B4A594 /* sfml-system.framework in Copy Frameworks */,
				A0072ADF0F1D0EC500B4A594 /* sfml-window.framework in Copy Frameworks */,
				A0072AE00F1D0EC500B4A594 /* sfml-graphics.framework in Copy Frameworks */,
			);
			name = "Copy Frameworks";
			runOnlyForDeploymentPostprocessing = 0;
		};
/* End PBXCopyFilesBuildPhase section */

/* Begin PBXFileReference section */
		0312CBF911554E6B00ACEC3E /* Point.h */ = {isa = PBXFileReference; fileEncoding = 4; lastKnownFileType = sourcecode.c.h; path = Point.h; sourceTree = "<group>"; };
		0312CBFA11554E6B00ACEC3E /* Point.cpp */ = {isa = PBXFileReference; fileEncoding = 4; lastKnownFileType = sourcecode.cpp.cpp; path = Point.cpp; sourceTree = "<group>"; };
		0312CC68115553C900ACEC3E /* Piece.h */ = {isa = PBXFileReference; fileEncoding = 4; lastKnownFileType = sourcecode.c.h; path = Piece.h; sourceTree = "<group>"; };
		0312CC69115553C900ACEC3E /* Piece.cpp */ = {isa = PBXFileReference; fileEncoding = 4; lastKnownFileType = sourcecode.cpp.cpp; path = Piece.cpp; sourceTree = "<group>"; };
		0312CD4E1155AB1600ACEC3E /* TetrisGrid.h */ = {isa = PBXFileReference; fileEncoding = 4; lastKnownFileType = sourcecode.c.h; path = TetrisGrid.h; sourceTree = "<group>"; };
		0312CD4F1155AB1600ACEC3E /* TetrisGrid.cpp */ = {isa = PBXFileReference; fileEncoding = 4; lastKnownFileType = sourcecode.cpp.cpp; path = TetrisGrid.cpp; sourceTree = "<group>"; };
		0312CDD21155B4C900ACEC3E /* TetrisGame.h */ = {isa = PBXFileReference; fileEncoding = 4; lastKnownFileType = sourcecode.c.h; path = TetrisGame.h; sourceTree = "<group>"; };
		0312CDD31155B4C900ACEC3E /* TetrisGame.cpp */ = {isa = PBXFileReference; fileEncoding = 4; lastKnownFileType = sourcecode.cpp.cpp; path = TetrisGame.cpp; sourceTree = "<group>"; };
		0312CECC1156B26300ACEC3E /* block.png */ = {isa = PBXFileReference; lastKnownFileType = image.png; path = block.png; sourceTree = "<group>"; };
		0312D0891157216E00ACEC3E /* grid.png */ = {isa = PBXFileReference; lastKnownFileType = image.png; path = grid.png; sourceTree = "<group>"; };
		0312D312115821AB00ACEC3E /* Arial.ttf */ = {isa = PBXFileReference; lastKnownFileType = file; path = Arial.ttf; sourceTree = "<group>"; };
		0312D35F1159AFDA00ACEC3E /* TetrisScore.h */ = {isa = PBXFileReference; fileEncoding = 4; lastKnownFileType = sourcecode.c.h; path = TetrisScore.h; sourceTree = "<group>"; };
		0312D3601159AFDA00ACEC3E /* TetrisScore.cpp */ = {isa = PBXFileReference; fileEncoding = 4; lastKnownFileType = sourcecode.cpp.cpp; path = TetrisScore.cpp; sourceTree = "<group>"; };
		0312D3D7115AB36C00ACEC3E /* TetrisBlock.h */ = {isa = PBXFileReference; fileEncoding = 4; lastKnownFileType = sourcecode.c.h; path = TetrisBlock.h; sourceTree = "<group>"; };
		0312D3D8115AB36C00ACEC3E /* TetrisBlock.cpp */ = {isa = PBXFileReference; fileEncoding = 4; lastKnownFileType = sourcecode.cpp.cpp; path = TetrisBlock.cpp; sourceTree = "<group>"; };
		0312D409115BF42300ACEC3E /* cyan.png */ = {isa = PBXFileReference; lastKnownFileType = image.png; path = cyan.png; sourceTree = "<group>"; };
		0312D40A115BF42300ACEC3E /* green.png */ = {isa = PBXFileReference; lastKnownFileType = image.png; path = green.png; sourceTree = "<group>"; };
		0312D40B115BF42300ACEC3E /* red.png */ = {isa = PBXFileReference; lastKnownFileType = image.png; path = red.png; sourceTree = "<group>"; };
		0312D40F115BF42E00ACEC3E /* yellow.png */ = {isa = PBXFileReference; lastKnownFileType = image.png; path = yellow.png; sourceTree = "<group>"; };
		038AA5A5115C3F7A00B8893C /* gridImage.png */ = {isa = PBXFileReference; lastKnownFileType = image.png; path = gridImage.png; sourceTree = "<group>"; };
		038AA5B1115C47FB00B8893C /* DisplayBlock.h */ = {isa = PBXFileReference; fileEncoding = 4; lastKnownFileType = sourcecode.c.h; path = DisplayBlock.h; sourceTree = "<group>"; };
		038AA5B2115C47FB00B8893C /* DisplayBlock.cpp */ = {isa = PBXFileReference; fileEncoding = 4; lastKnownFileType = sourcecode.cpp.cpp; path = DisplayBlock.cpp; sourceTree = "<group>"; };
		A01FB6A90F07CF6E000AAC7B /* Tetris.app */ = {isa = PBXFileReference; explicitFileType = wrapper.application; includeInIndex = 0; path = Tetris.app; sourceTree = BUILT_PRODUCTS_DIR; };
		A01FB6AC0F07CF6E000AAC7B /* Info.plist */ = {isa = PBXFileReference; lastKnownFileType = text.plist.xml; path = Info.plist; sourceTree = "<group>"; };
		A01FB6C80F07CFCE000AAC7B /* main.cpp */ = {isa = PBXFileReference; fileEncoding = 30; lastKnownFileType = sourcecode.cpp.cpp; path = main.cpp; sourceTree = "<group>"; };
		A01FB6CA0F07CFF2000AAC7B /* sfml-graphics.framework */ = {isa = PBXFileReference; lastKnownFileType = wrapper.framework; name = "sfml-graphics.framework"; path = "/Library/Frameworks/sfml-graphics.framework"; sourceTree = "<absolute>"; };
		A01FB6CB0F07CFF2000AAC7B /* sfml-system.framework */ = {isa = PBXFileReference; lastKnownFileType = wrapper.framework; name = "sfml-system.framework"; path = "/Library/Frameworks/sfml-system.framework"; sourceTree = "<absolute>"; };
		A01FB6CC0F07CFF2000AAC7B /* sfml-window.framework */ = {isa = PBXFileReference; lastKnownFileType = wrapper.framework; name = "sfml-window.framework"; path = "/Library/Frameworks/sfml-window.framework"; sourceTree = "<absolute>"; };
		A01FB6CD0F07CFF2000AAC7B /* SFML.framework */ = {isa = PBXFileReference; lastKnownFileType = wrapper.framework; name = SFML.framework; path = /Library/Frameworks/SFML.framework; sourceTree = "<absolute>"; };
/* End PBXFileReference section */

/* Begin PBXFrameworksBuildPhase section */
		A01FB6A70F07CF6E000AAC7B /* Frameworks */ = {
			isa = PBXFrameworksBuildPhase;
			buildActionMask = 2147483647;
			files = (
				A01FB6CE0F07CFF2000AAC7B /* sfml-graphics.framework in Frameworks */,
				A01FB6CF0F07CFF2000AAC7B /* sfml-system.framework in Frameworks */,
				A01FB6D00F07CFF2000AAC7B /* sfml-window.framework in Frameworks */,
			);
			runOnlyForDeploymentPostprocessing = 0;
		};
/* End PBXFrameworksBuildPhase section */

/* Begin PBXGroup section */
		A01FB69A0F07CF63000AAC7B = {
			isa = PBXGroup;
			children = (
				A01FB6B20F07CF80000AAC7B /* Sources */,
				A01FB6B10F07CF7C000AAC7B /* Resources */,
				A01FB6B00F07CF75000AAC7B /* Frameworks */,
				A01FB6AA0F07CF6E000AAC7B /* Products */,
			);
			sourceTree = "<group>";
		};
		A01FB6AA0F07CF6E000AAC7B /* Products */ = {
			isa = PBXGroup;
			children = (
				A01FB6A90F07CF6E000AAC7B /* Tetris.app */,
			);
			name = Products;
			sourceTree = "<group>";
		};
		A01FB6B00F07CF75000AAC7B /* Frameworks */ = {
			isa = PBXGroup;
			children = (
				A01FB6CD0F07CFF2000AAC7B /* SFML.framework */,
				A01FB6CB0F07CFF2000AAC7B /* sfml-system.framework */,
				A01FB6CC0F07CFF2000AAC7B /* sfml-window.framework */,
				A01FB6CA0F07CFF2000AAC7B /* sfml-graphics.framework */,
			);
			name = Frameworks;
			sourceTree = "<group>";
		};
		A01FB6B10F07CF7C000AAC7B /* Resources */ = {
			isa = PBXGroup;
			children = (
				038AA5A5115C3F7A00B8893C /* gridImage.png */,
				0312D40F115BF42E00ACEC3E /* yellow.png */,
				0312D409115BF42300ACEC3E /* cyan.png */,
				0312D40A115BF42300ACEC3E /* green.png */,
				0312D40B115BF42300ACEC3E /* red.png */,
				0312D312115821AB00ACEC3E /* Arial.ttf */,
				0312D0891157216E00ACEC3E /* grid.png */,
				0312CECC1156B26300ACEC3E /* block.png */,
				A01FB6AC0F07CF6E000AAC7B /* Info.plist */,
			);
			name = Resources;
			sourceTree = "<group>";
		};
		A01FB6B20F07CF80000AAC7B /* Sources */ = {
			isa = PBXGroup;
			children = (
				A01FB6C80F07CFCE000AAC7B /* main.cpp */,
				0312CBF911554E6B00ACEC3E /* Point.h */,
				0312CBFA11554E6B00ACEC3E /* Point.cpp */,
				0312CC68115553C900ACEC3E /* Piece.h */,
				0312CC69115553C900ACEC3E /* Piece.cpp */,
				0312CD4E1155AB1600ACEC3E /* TetrisGrid.h */,
				0312CD4F1155AB1600ACEC3E /* TetrisGrid.cpp */,
				0312CDD21155B4C900ACEC3E /* TetrisGame.h */,
				0312CDD31155B4C900ACEC3E /* TetrisGame.cpp */,
				0312D35F1159AFDA00ACEC3E /* TetrisScore.h */,
				0312D3601159AFDA00ACEC3E /* TetrisScore.cpp */,
				0312D3D7115AB36C00ACEC3E /* TetrisBlock.h */,
				0312D3D8115AB36C00ACEC3E /* TetrisBlock.cpp */,
				038AA5B1115C47FB00B8893C /* DisplayBlock.h */,
				038AA5B2115C47FB00B8893C /* DisplayBlock.cpp */,
			);
			name = Sources;
			sourceTree = "<group>";
		};
/* End PBXGroup section */

/* Begin PBXNativeTarget section */
		A01FB6A80F07CF6E000AAC7B /* Tetris */ = {
			isa = PBXNativeTarget;
			buildConfigurationList = A01FB6AF0F07CF6F000AAC7B /* Build configuration list for PBXNativeTarget "Tetris" */;
			buildPhases = (
				A01FB6A50F07CF6E000AAC7B /* Resources */,
				A01FB6A60F07CF6E000AAC7B /* Sources */,
				A01FB6A70F07CF6E000AAC7B /* Frameworks */,
				A0072AF00F1D0EDD00B4A594 /* Copy Frameworks */,
			);
			buildRules = (
			);
			dependencies = (
			);
			name = Tetris;
			productName = Tetris;
			productReference = A01FB6A90F07CF6E000AAC7B /* Tetris.app */;
			productType = "com.apple.product-type.application";
		};
/* End PBXNativeTarget section */

/* Begin PBXProject section */
		A01FB69C0F07CF63000AAC7B /* Project object */ = {
			isa = PBXProject;
			buildConfigurationList = A01FB69F0F07CF63000AAC7B /* Build configuration list for PBXProject "Tetris" */;
			compatibilityVersion = "Xcode 2.4";
			developmentRegion = English;
			hasScannedForEncodings = 0;
			knownRegions = (
				English,
				Japanese,
				French,
				German,
			);
			mainGroup = A01FB69A0F07CF63000AAC7B;
			productRefGroup = A01FB6AA0F07CF6E000AAC7B /* Products */;
			projectDirPath = "";
			projectRoot = "";
			targets = (
				A01FB6A80F07CF6E000AAC7B /* Tetris */,
			);
		};
/* End PBXProject section */

/* Begin PBXResourcesBuildPhase section */
		A01FB6A50F07CF6E000AAC7B /* Resources */ = {
			isa = PBXResourcesBuildPhase;
			buildActionMask = 2147483647;
			files = (
				0312CECD1156B26300ACEC3E /* block.png in Resources */,
				0312D08A1157216E00ACEC3E /* grid.png in Resources */,
				0312D313115821AB00ACEC3E /* Arial.ttf in Resources */,
				0312D40C115BF42300ACEC3E /* cyan.png in Resources */,
				0312D40D115BF42300ACEC3E /* green.png in Resources */,
				0312D40E115BF42300ACEC3E /* red.png in Resources */,
				0312D410115BF42E00ACEC3E /* yellow.png in Resources */,
				038AA5A6115C3F7A00B8893C /* gridImage.png in Resources */,
			);
			runOnlyForDeploymentPostprocessing = 0;
		};
/* End PBXResourcesBuildPhase section */

/* Begin PBXSourcesBuildPhase section */
		A01FB6A60F07CF6E000AAC7B /* Sources */ = {
			isa = PBXSourcesBuildPhase;
			buildActionMask = 2147483647;
			files = (
				A01FB6C90F07CFCE000AAC7B /* main.cpp in Sources */,
				0312CBFB11554E6B00ACEC3E /* Point.cpp in Sources */,
				0312CC6A115553C900ACEC3E /* Piece.cpp in Sources */,
				0312CD501155AB1600ACEC3E /* TetrisGrid.cpp in Sources */,
				0312CDD41155B4C900ACEC3E /* TetrisGame.cpp in Sources */,
				0312D3611159AFDA00ACEC3E /* TetrisScore.cpp in Sources */,
				0312D3D9115AB36C00ACEC3E /* TetrisBlock.cpp in Sources */,
				038AA5B3115C47FB00B8893C /* DisplayBlock.cpp in Sources */,
			);
			runOnlyForDeploymentPostprocessing = 0;
		};
/* End PBXSourcesBuildPhase section */

/* Begin XCBuildConfiguration section */
		A01FB69D0F07CF63000AAC7B /* Debug */ = {
			isa = XCBuildConfiguration;
			buildSettings = {
				COPY_PHASE_STRIP = NO;
			};
			name = Debug;
		};
		A01FB69E0F07CF63000AAC7B /* Release */ = {
			isa = XCBuildConfiguration;
			buildSettings = {
				COPY_PHASE_STRIP = YES;
			};
			name = Release;
		};
		A01FB6AD0F07CF6F000AAC7B /* Debug */ = {
			isa = XCBuildConfiguration;
			buildSettings = {
				ALWAYS_SEARCH_USER_PATHS = NO;
				COPY_PHASE_STRIP = NO;
				GCC_DYNAMIC_NO_PIC = NO;
				GCC_ENABLE_FIX_AND_CONTINUE = YES;
				GCC_MODEL_TUNING = G5;
				GCC_OPTIMIZATION_LEVEL = 0;
				INFOPLIST_FILE = Info.plist;
				INSTALL_PATH = "$(HOME)/Applications";
				PREBINDING = NO;
				PRODUCT_NAME = Tetris;
			};
			name = Debug;
		};
		A01FB6AE0F07CF6F000AAC7B /* Release */ = {
			isa = XCBuildConfiguration;
			buildSettings = {
				ALWAYS_SEARCH_USER_PATHS = NO;
				COPY_PHASE_STRIP = YES;
				DEBUG_INFORMATION_FORMAT = "dwarf-with-dsym";
				GCC_ENABLE_FIX_AND_CONTINUE = NO;
				GCC_MODEL_TUNING = G5;
				INFOPLIST_FILE = Info.plist;
				INSTALL_PATH = "$(HOME)/Applications";
				PREBINDING = NO;
				PRODUCT_NAME = Tetris;
				ZERO_LINK = NO;
			};
			name = Release;
		};
/* End XCBuildConfiguration section */

/* Begin XCConfigurationList section */
		A01FB69F0F07CF63000AAC7B /* Build configuration list for PBXProject "Tetris" */ = {
			isa = XCConfigurationList;
			buildConfigurations = (
				A01FB69D0F07CF63000AAC7B /* Debug */,
				A01FB69E0F07CF63000AAC7B /* Release */,
			);
			defaultConfigurationIsVisible = 0;
			defaultConfigurationName = Release;
		};
		A01FB6AF0F07CF6F000AAC7B /* Build configuration list for PBXNativeTarget "Tetris" */ = {
			isa = XCConfigurationList;
			buildConfigurations = (
				A01FB6AD0F07CF6F000AAC7B /* Debug */,
				A01FB6AE0F07CF6F000AAC7B /* Release */,
			);
			defaultConfigurationIsVisible = 0;
			defaultConfigurationName = Release;
		};
/* End XCConfigurationList section */
	};
	rootObject = A01FB69C0F07CF63000AAC7B /* Project object */;
}
